
Microsoft Visual Studio Solution File, Format Version 12.00
# Visual Studio Version 16
VisualStudioVersion = 16.0.31313.79
MinimumVisualStudioVersion = 10.0.40219.1
Project("{9A19103F-16F7-4668-BE54-9A1E7A4F7556}") = "AssemblyBrowserProject", "AssemblyBrowserProject\AssemblyBrowserProject.csproj", "{38853CBB-57F3-41E7-ACE2-B3470F7094A2}"
EndProject
Project("{9A19103F-16F7-4668-BE54-9A1E7A4F7556}") = "TestProject1", "TestProject1\TestProject1.csproj", "{A265D1CF-B6B6-4B2D-A463-C35C1F6DBEB2}"
EndProject
Project("{9A19103F-16F7-4668-BE54-9A1E7A4F7556}") = "TestAssembly", "TestAssembly\TestAssembly.csproj", "{A40D5466-8EBC-48BE-814F-242920327637}"
EndProject
Project("{FAE04EC0-301F-11D3-BF4B-00C04F79EFBC}") = "AssemblyBrowserWPF", "AssemblyBrowserWPF\AssemblyBrowserWPF.csproj", "{2586C9C3-FBEF-4175-BF73-9A9EEF6A1AF9}"
EndProject
Global
	GlobalSection(SolutionConfigurationPlatforms) = preSolution
		Debug|Any CPU = Debug|Any CPU
		Debug|x64 = Debug|x64
		Debug|x86 = Debug|x86
		Release|Any CPU = Release|Any CPU
		Release|x64 = Release|x64
		Release|x86 = Release|x86
	EndGlobalSection
	GlobalSection(ProjectConfigurationPlatforms) = postSolution
		{38853CBB-57F3-41E7-ACE2-B3470F7094A2}.Debug|Any CPU.ActiveCfg = Debug|Any CPU
		{38853CBB-57F3-41E7-ACE2-B3470F7094A2}.Debug|Any CPU.Build.0 = Debug|Any CPU
		{38853CBB-57F3-41E7-ACE2-B3470F7094A2}.Debug|x64.ActiveCfg = Debug|Any CPU
		{38853CBB-57F3-41E7-ACE2-B3470F7094A2}.Debug|x64.Build.0 = Debug|Any CPU
		{38853CBB-57F3-41E7-ACE2-B3470F7094A2}.Debug|x86.ActiveCfg = Debug|Any CPU
		{38853CBB-57F3-41E7-ACE2-B3470F7094A2}.Debug|x86.Build.0 = Debug|Any CPU
		{38853CBB-57F3-41E7-ACE2-B3470F7094A2}.Release|Any CPU.ActiveCfg = Release|Any CPU
		{38853CBB-57F3-41E7-ACE2-B3470F7094A2}.Release|Any CPU.Build.0 = Release|Any CPU
		{38853CBB-57F3-41E7-ACE2-B3470F7094A2}.Release|x64.ActiveCfg = Release|Any CPU
		{38853CBB-57F3-41E7-ACE2-B3470F7094A2}.Release|x64.Build.0 = Release|Any CPU
		{38853CBB-57F3-41E7-ACE2-B3470F7094A2}.Release|x86.ActiveCfg = Release|Any CPU
		{38853CBB-57F3-41E7-ACE2-B3470F7094A2}.Release|x86.Build.0 = Release|Any CPU
		{A265D1CF-B6B6-4B2D-A463-C35C1F6DBEB2}.Debug|Any CPU.ActiveCfg = Debug|Any CPU
		{A265D1CF-B6B6-4B2D-A463-C35C1F6DBEB2}.Debug|Any CPU.Build.0 = Debug|Any CPU
		{A265D1CF-B6B6-4B2D-A463-C35C1F6DBEB2}.Debug|x64.ActiveCfg = Debug|Any CPU
		{A265D1CF-B6B6-4B2D-A463-C35C1F6DBEB2}.Debug|x64.Build.0 = Debug|Any CPU
		{A265D1CF-B6B6-4B2D-A463-C35C1F6DBEB2}.Debug|x86.ActiveCfg = Debug|Any CPU
		{A265D1CF-B6B6-4B2D-A463-C35C1F6DBEB2}.Debug|x86.Build.0 = Debug|Any CPU
		{A265D1CF-B6B6-4B2D-A463-C35C1F6DBEB2}.Release|Any CPU.ActiveCfg = Release|Any CPU
		{A265D1CF-B6B6-4B2D-A463-C35C1F6DBEB2}.Release|Any CPU.Build.0 = Release|Any CPU
		{A265D1CF-B6B6-4B2D-A463-C35C1F6DBEB2}.Release|x64.ActiveCfg = Release|Any CPU
		{A265D1CF-B6B6-4B2D-A463-C35C1F6DBEB2}.Release|x64.Build.0 = Release|Any CPU
		{A265D1CF-B6B6-4B2D-A463-C35C1F6DBEB2}.Release|x86.ActiveCfg = Release|Any CPU
		{A265D1CF-B6B6-4B2D-A463-C35C1F6DBEB2}.Release|x86.Build.0 = Release|Any CPU
		{A40D5466-8EBC-48BE-814F-242920327637}.Debug|Any CPU.ActiveCfg = Debug|Any CPU
		{A40D5466-8EBC-48BE-814F-242920327637}.Debug|Any CPU.Build.0 = Debug|Any CPU
		{A40D5466-8EBC-48BE-814F-242920327637}.Debug|x64.ActiveCfg = Debug|Any CPU
		{A40D5466-8EBC-48BE-814F-242920327637}.Debug|x64.Build.0 = Debug|Any CPU
		{A40D5466-8EBC-48BE-814F-242920327637}.Debug|x86.ActiveCfg = Debug|Any CPU
		{A40D5466-8EBC-48BE-814F-242920327637}.Debug|x86.Build.0 = Debug|Any CPU
		{A40D5466-8EBC-48BE-814F-242920327637}.Release|Any CPU.ActiveCfg = Release|Any CPU
		{A40D5466-8EBC-48BE-814F-242920327637}.Release|Any CPU.Build.0 = Release|Any CPU
		{A40D5466-8EBC-48BE-814F-242920327637}.Release|x64.ActiveCfg = Release|Any CPU
		{A40D5466-8EBC-48BE-814F-242920327637}.Release|x64.Build.0 = Release|Any CPU
		{A40D5466-8EBC-48BE-814F-242920327637}.Release|x86.ActiveCfg = Release|Any CPU
		{A40D5466-8EBC-48BE-814F-242920327637}.Release|x86.Build.0 = Release|Any CPU
		{2586C9C3-FBEF-4175-BF73-9A9EEF6A1AF9}.Debug|Any CPU.ActiveCfg = Debug|Any CPU
		{2586C9C3-FBEF-4175-BF73-9A9EEF6A1AF9}.Debug|Any CPU.Build.0 = Debug|Any CPU
		{2586C9C3-FBEF-4175-BF73-9A9EEF6A1AF9}.Debug|x64.ActiveCfg = Debug|Any CPU
		{2586C9C3-FBEF-4175-BF73-9A9EEF6A1AF9}.Debug|x64.Build.0 = Debug|Any CPU
		{2586C9C3-FBEF-4175-BF73-9A9EEF6A1AF9}.Debug|x86.ActiveCfg = Debug|Any CPU
		{2586C9C3-FBEF-4175-BF73-9A9EEF6A1AF9}.Debug|x86.Build.0 = Debug|Any CPU
		{2586C9C3-FBEF-4175-BF73-9A9EEF6A1AF9}.Release|Any CPU.ActiveCfg = Release|Any CPU
		{2586C9C3-FBEF-4175-BF73-9A9EEF6A1AF9}.Release|Any CPU.Build.0 = Release|Any CPU
		{2586C9C3-FBEF-4175-BF73-9A9EEF6A1AF9}.Release|x64.ActiveCfg = Release|Any CPU
		{2586C9C3-FBEF-4175-BF73-9A9EEF6A1AF9}.Release|x64.Build.0 = Release|Any CPU
		{2586C9C3-FBEF-4175-BF73-9A9EEF6A1AF9}.Release|x86.ActiveCfg = Release|Any CPU
		{2586C9C3-FBEF-4175-BF73-9A9EEF6A1AF9}.Release|x86.Build.0 = Release|Any CPU
	EndGlobalSection
	GlobalSection(SolutionProperties) = preSolution
		HideSolutionNode = FALSE
	EndGlobalSection
	GlobalSection(ExtensibilityGlobals) = postSolution
		SolutionGuid = {D17FD871-ECD1-4F19-AE7B-1E1CCCC9C6D5}
	EndGlobalSection
EndGlobal
